{
  "name": "plucky-cub-1995-be",
  "version": "1.0.0",
  "lockfileVersion": 3,
  "requires": true,
  "packages": {
    "": {
      "name": "plucky-cub-1995-be",
      "version": "1.0.0",
      "license": "ISC",
      "dependencies": {
        "plucky-cub-1995-be": "file:"
      }
    },
    "node_modules/plucky-cub-1995-be": {
      "resolved": "",
      "link": true
    }
  }
}
